
Microsoft Visual Studio Solution File, Format Version 12.00
# Visual Studio Version 16
VisualStudioVersion = 16.0.31624.102
MinimumVisualStudioVersion = 10.0.40219.1
Project("{FAE04EC0-301F-11D3-BF4B-00C04F79EFBC}") = "Consumer", "Consumer\Consumer.csproj", "{1A707871-39A4-477F-8647-A0351ED11ADB}"
EndProject
Global
	GlobalSection(SolutionConfigurationPlatforms) = preSolution
		Debug|Any CPU = Debug|Any CPU
		Release|Any CPU = Release|Any CPU
	EndGlobalSection
	GlobalSection(ProjectConfigurationPlatforms) = postSolution
		{1A707871-39A4-477F-8647-A0351ED11ADB}.Debug|Any CPU.ActiveCfg = Debug|Any CPU
		{1A707871-39A4-477F-8647-A0351ED11ADB}.Debug|Any CPU.Build.0 = Debug|Any CPU
		{1A707871-39A4-477F-8647-A0351ED11ADB}.Release|Any CPU.ActiveCfg = Release|Any CPU
		{1A707871-39A4-477F-8647-A0351ED11ADB}.Release|Any CPU.Build.0 = Release|Any CPU
	EndGlobalSection
	GlobalSection(SolutionProperties) = preSolution
		HideSolutionNode = FALSE
	EndGlobalSection
	GlobalSection(ExtensibilityGlobals) = postSolution
		SolutionGuid = {CE3B9532-2491-4F01-A89E-E0E8B1276B1A}
	EndGlobalSection
EndGlobal
